// !$*UTF8*$!
{
	archiveVersion = 1;
	classes = {
	};
	objectVersion = 50;
	objects = {

/* Begin PBXBuildFile section */
		088D301A25406D38003EF5C2 /* AppDelegate.swift in Sources */ = {isa = PBXBuildFile; fileRef = 088D301925406D38003EF5C2 /* AppDelegate.swift */; };
		088D301C25406D38003EF5C2 /* SceneDelegate.swift in Sources */ = {isa = PBXBuildFile; fileRef = 088D301B25406D38003EF5C2 /* SceneDelegate.swift */; };
		088D301E25406D38003EF5C2 /* ViewController.swift in Sources */ = {isa = PBXBuildFile; fileRef = 088D301D25406D38003EF5C2 /* ViewController.swift */; };
		088D302125406D38003EF5C2 /* Main.storyboard in Resources */ = {isa = PBXBuildFile; fileRef = 088D301F25406D38003EF5C2 /* Main.storyboard */; };
		088D302425406D38003EF5C2 /* Task.xcdatamodeld in Sources */ = {isa = PBXBuildFile; fileRef = 088D302225406D38003EF5C2 /* Task.xcdatamodeld */; };
		088D302625406D3E003EF5C2 /* Assets.xcassets in Resources */ = {isa = PBXBuildFile; fileRef = 088D302525406D3E003EF5C2 /* Assets.xcassets */; };
		088D302925406D3E003EF5C2 /* LaunchScreen.storyboard in Resources */ = {isa = PBXBuildFile; fileRef = 088D302725406D3E003EF5C2 /* LaunchScreen.storyboard */; };
		088D303425406D3E003EF5C2 /* TaskTests.swift in Sources */ = {isa = PBXBuildFile; fileRef = 088D303325406D3E003EF5C2 /* TaskTests.swift */; };
		088D303F25406D3E003EF5C2 /* TaskUITests.swift in Sources */ = {isa = PBXBuildFile; fileRef = 088D303E25406D3E003EF5C2 /* TaskUITests.swift */; };
		088D304D25409D61003EF5C2 /* DetailsVC.swift in Sources */ = {isa = PBXBuildFile; fileRef = 088D304C25409D61003EF5C2 /* DetailsVC.swift */; };
/* End PBXBuildFile section */

/* Begin PBXContainerItemProxy section */
		088D303025406D3E003EF5C2 /* PBXContainerItemProxy */ = {
			isa = PBXContainerItemProxy;
			containerPortal = 088D300E25406D38003EF5C2 /* Project object */;
			proxyType = 1;
			remoteGlobalIDString = 088D301525406D38003EF5C2;
			remoteInfo = Task;
		};
		088D303B25406D3E003EF5C2 /* PBXContainerItemProxy */ = {
			isa = PBXContainerItemProxy;
			containerPortal = 088D300E25406D38003EF5C2 /* Project object */;
			proxyType = 1;
			remoteGlobalIDString = 088D301525406D38003EF5C2;
			remoteInfo = Task;
		};
/* End PBXContainerItemProxy section */

/* Begin PBXFileReference section */
		088D301625406D38003EF5C2 /* Task.app */ = {isa = PBXFileReference; explicitFileType = wrapper.application; includeInIndex = 0; path = Task.app; sourceTree = BUILT_PRODUCTS_DIR; };
		088D301925406D38003EF5C2 /* AppDelegate.swift */ = {isa = PBXFileReference; lastKnownFileType = sourcecode.swift; path = AppDelegate.swift; sourceTree = "<group>"; };
		088D301B25406D38003EF5C2 /* SceneDelegate.swift */ = {isa = PBXFileReference; lastKnownFileType = sourcecode.swift; path = SceneDelegate.swift; sourceTree = "<group>"; };
		088D301D25406D38003EF5C2 /* ViewController.swift */ = {isa = PBXFileReference; lastKnownFileType = sourcecode.swift; path = ViewController.swift; sourceTree = "<group>"; };
		088D302025406D38003EF5C2 /* Base */ = {isa = PBXFileReference; lastKnownFileType = file.storyboard; name = Base; path = Base.lproj/Main.storyboard; sourceTree = "<group>"; };
		088D302325406D38003EF5C2 /* Task.xcdatamodel */ = {isa = PBXFileReference; lastKnownFileType = wrapper.xcdatamodel; path = Task.xcdatamodel; sourceTree = "<group>"; };
		088D302525406D3E003EF5C2 /* Assets.xcassets */ = {isa = PBXFileReference; lastKnownFileType = folder.assetcatalog; path = Assets.xcassets; sourceTree = "<group>"; };
		088D302825406D3E003EF5C2 /* Base */ = {isa = PBXFileReference; lastKnownFileType = file.storyboard; name = Base; path = Base.lproj/LaunchScreen.storyboard; sourceTree = "<group>"; };
		088D302A25406D3E003EF5C2 /* Info.plist */ = {isa = PBXFileReference; lastKnownFileType = text.plist.xml; path = Info.plist; sourceTree = "<group>"; };
		088D302F25406D3E003EF5C2 /* TaskTests.xctest */ = {isa = PBXFileReference; explicitFileType = wrapper.cfbundle; includeInIndex = 0; path = TaskTests.xctest; sourceTree = BUILT_PRODUCTS_DIR; };
		088D303325406D3E003EF5C2 /* TaskTests.swift */ = {isa = PBXFileReference; lastKnownFileType = sourcecode.swift; path = TaskTests.swift; sourceTree = "<group>"; };
		088D303525406D3E003EF5C2 /* Info.plist */ = {isa = PBXFileReference; lastKnownFileType = text.plist.xml; path = Info.plist; sourceTree = "<group>"; };
		088D303A25406D3E003EF5C2 /* TaskUITests.xctest */ = {isa = PBXFileReference; explicitFileType = wrapper.cfbundle; includeInIndex = 0; path = TaskUITests.xctest; sourceTree = BUILT_PRODUCTS_DIR; };
		088D303E25406D3E003EF5C2 /* TaskUITests.swift */ = {isa = PBXFileReference; lastKnownFileType = sourcecode.swift; path = TaskUITests.swift; sourceTree = "<group>"; };
		088D304025406D3E003EF5C2 /* Info.plist */ = {isa = PBXFileReference; lastKnownFileType = text.plist.xml; path = Info.plist; sourceTree = "<group>"; };
		088D304C25409D61003EF5C2 /* DetailsVC.swift */ = {isa = PBXFileReference; lastKnownFileType = sourcecode.swift; path = DetailsVC.swift; sourceTree = "<group>"; };
/* End PBXFileReference section */

/* Begin PBXFrameworksBuildPhase section */
		088D301325406D38003EF5C2 /* Frameworks */ = {
			isa = PBXFrameworksBuildPhase;
			buildActionMask = 2147483647;
			files = (
			);
			runOnlyForDeploymentPostprocessing = 0;
		};
		088D302C25406D3E003EF5C2 /* Frameworks */ = {
			isa = PBXFrameworksBuildPhase;
			buildActionMask = 2147483647;
			files = (
			);
			runOnlyForDeploymentPostprocessing = 0;
		};
		088D303725406D3E003EF5C2 /* Frameworks */ = {
			isa = PBXFrameworksBuildPhase;
			buildActionMask = 2147483647;
			files = (
			);
			runOnlyForDeploymentPostprocessing = 0;
		};
/* End PBXFrameworksBuildPhase section */

/* Begin PBXGroup section */
		088D300D25406D38003EF5C2 = {
			isa = PBXGroup;
			children = (
				088D301825406D38003EF5C2 /* Task */,
				088D303225406D3E003EF5C2 /* TaskTests */,
				088D303D25406D3E003EF5C2 /* TaskUITests */,
				088D301725406D38003EF5C2 /* Products */,
			);
			sourceTree = "<group>";
		};
		088D301725406D38003EF5C2 /* Products */ = {
			isa = PBXGroup;
			children = (
				088D301625406D38003EF5C2 /* Task.app */,
				088D302F25406D3E003EF5C2 /* TaskTests.xctest */,
				088D303A25406D3E003EF5C2 /* TaskUITests.xctest */,
			);
			name = Products;
			sourceTree = "<group>";
		};
		088D301825406D38003EF5C2 /* Task */ = {
			isa = PBXGroup;
			children = (
				088D301925406D38003EF5C2 /* AppDelegate.swift */,
				088D301B25406D38003EF5C2 /* SceneDelegate.swift */,
				088D301D25406D38003EF5C2 /* ViewController.swift */,
				088D301F25406D38003EF5C2 /* Main.storyboard */,
				088D302525406D3E003EF5C2 /* Assets.xcassets */,
				088D302725406D3E003EF5C2 /* LaunchScreen.storyboard */,
				088D302A25406D3E003EF5C2 /* Info.plist */,
				088D302225406D38003EF5C2 /* Task.xcdatamodeld */,
				088D304C25409D61003EF5C2 /* DetailsVC.swift */,
			);
			path = Task;
			sourceTree = "<group>";
		};
		088D303225406D3E003EF5C2 /* TaskTests */ = {
			isa = PBXGroup;
			children = (
				088D303325406D3E003EF5C2 /* TaskTests.swift */,
				088D303525406D3E003EF5C2 /* Info.plist */,
			);
			path = TaskTests;
			sourceTree = "<group>";
		};
		088D303D25406D3E003EF5C2 /* TaskUITests */ = {
			isa = PBXGroup;
			children = (
				088D303E25406D3E003EF5C2 /* TaskUITests.swift */,
				088D304025406D3E003EF5C2 /* Info.plist */,
			);
			path = TaskUITests;
			sourceTree = "<group>";
		};
/* End PBXGroup section */

/* Begin PBXNativeTarget section */
		088D301525406D38003EF5C2 /* Task */ = {
			isa = PBXNativeTarget;
			buildConfigurationList = 088D304325406D3E003EF5C2 /* Build configuration list for PBXNativeTarget "Task" */;
			buildPhases = (
				088D301225406D38003EF5C2 /* Sources */,
				088D301325406D38003EF5C2 /* Frameworks */,
				088D301425406D38003EF5C2 /* Resources */,
			);
			buildRules = (
			);
			dependencies = (
			);
			name = Task;
			productName = Task;
			productReference = 088D301625406D38003EF5C2 /* Task.app */;
			productType = "com.apple.product-type.application";
		};
		088D302E25406D3E003EF5C2 /* TaskTests */ = {
			isa = PBXNativeTarget;
			buildConfigurationList = 088D304625406D3E003EF5C2 /* Build configuration list for PBXNativeTarget "TaskTests" */;
			buildPhases = (
				088D302B25406D3E003EF5C2 /* Sources */,
				088D302C25406D3E003EF5C2 /* Frameworks */,
				088D302D25406D3E003EF5C2 /* Resources */,
			);
			buildRules = (
			);
			dependencies = (
				088D303125406D3E003EF5C2 /* PBXTargetDependency */,
			);
			name = TaskTests;
			productName = TaskTests;
			productReference = 088D302F25406D3E003EF5C2 /* TaskTests.xctest */;
			productType = "com.apple.product-type.bundle.unit-test";
		};
		088D303925406D3E003EF5C2 /* TaskUITests */ = {
			isa = PBXNativeTarget;
			buildConfigurationList = 088D304925406D3E003EF5C2 /* Build configuration list for PBXNativeTarget "TaskUITests" */;
			buildPhases = (
				088D303625406D3E003EF5C2 /* Sources */,
				088D303725406D3E003EF5C2 /* Frameworks */,
				088D303825406D3E003EF5C2 /* Resources */,
			);
			buildRules = (
			);
			dependencies = (
				088D303C25406D3E003EF5C2 /* PBXTargetDependency */,
			);
			name = TaskUITests;
			productName = TaskUITests;
			productReference = 088D303A25406D3E003EF5C2 /* TaskUITests.xctest */;
			productType = "com.apple.product-type.bundle.ui-testing";
		};
/* End PBXNativeTarget section */

/* Begin PBXProject section */
		088D300E25406D38003EF5C2 /* Project object */ = {
			isa = PBXProject;
			attributes = {
				LastSwiftUpdateCheck = 1140;
				LastUpgradeCheck = 1140;
				ORGANIZATIONNAME = Taxgenie;
				TargetAttributes = {
					088D301525406D38003EF5C2 = {
						CreatedOnToolsVersion = 11.4;
					};
					088D302E25406D3E003EF5C2 = {
						CreatedOnToolsVersion = 11.4;
						TestTargetID = 088D301525406D38003EF5C2;
					};
					088D303925406D3E003EF5C2 = {
						CreatedOnToolsVersion = 11.4;
						TestTargetID = 088D301525406D38003EF5C2;
					};
				};
			};
			buildConfigurationList = 088D301125406D38003EF5C2 /* Build configuration list for PBXProject "Task" */;
			compatibilityVersion = "Xcode 9.3";
			developmentRegion = en;
			hasScannedForEncodings = 0;
			knownRegions = (
				en,
				Base,
			);
			mainGroup = 088D300D25406D38003EF5C2;
			productRefGroup = 088D301725406D38003EF5C2 /* Products */;
			projectDirPath = "";
			projectRoot = "";
			targets = (
				088D301525406D38003EF5C2 /* Task */,
				088D302E25406D3E003EF5C2 /* TaskTests */,
				088D303925406D3E003EF5C2 /* TaskUITests */,
			);
		};
/* End PBXProject section */

/* Begin PBXResourcesBuildPhase section */
		088D301425406D38003EF5C2 /* Resources */ = {
			isa = PBXResourcesBuildPhase;
			buildActionMask = 2147483647;
			files = (
				088D302925406D3E003EF5C2 /* LaunchScreen.storyboard in Resources */,
				088D302625406D3E003EF5C2 /* Assets.xcassets in Resources */,
				088D302125406D38003EF5C2 /* Main.storyboard in Resources */,
			);
			runOnlyForDeploymentPostprocessing = 0;
		};
		088D302D25406D3E003EF5C2 /* Resources */ = {
			isa = PBXResourcesBuildPhase;
			buildActionMask = 2147483647;
			files = (
			);
			runOnlyForDeploymentPostprocessing = 0;
		};
		088D303825406D3E003EF5C2 /* Resources */ = {
			isa = PBXResourcesBuildPhase;
			buildActionMask = 2147483647;
			files = (
			);
			runOnlyForDeploymentPostprocessing = 0;
		};
/* End PBXResourcesBuildPhase section */

/* Begin PBXSourcesBuildPhase section */
		088D301225406D38003EF5C2 /* Sources */ = {
			isa = PBXSourcesBuildPhase;
			buildActionMask = 2147483647;
			files = (
				088D302425406D38003EF5C2 /* Task.xcdatamodeld in Sources */,
				088D301E25406D38003EF5C2 /* ViewController.swift in Sources */,
				088D301A25406D38003EF5C2 /* AppDelegate.swift in Sources */,
				088D301C25406D38003EF5C2 /* SceneDelegate.swift in Sources */,
				088D304D25409D61003EF5C2 /* DetailsVC.swift in Sources */,
			);
			runOnlyForDeploymentPostprocessing = 0;
		};
		088D302B25406D3E003EF5C2 /* Sources */ = {
			isa = PBXSourcesBuildPhase;
			buildActionMask = 2147483647;
			files = (
				088D303425406D3E003EF5C2 /* TaskTests.swift in Sources */,
			);
			runOnlyForDeploymentPostprocessing = 0;
		};
		088D303625406D3E003EF5C2 /* Sources */ = {
			isa = PBXSourcesBuildPhase;
			buildActionMask = 2147483647;
			files = (
				088D303F25406D3E003EF5C2 /* TaskUITests.swift in Sources */,
			);
			runOnlyForDeploymentPostprocessing = 0;
		};
/* End PBXSourcesBuildPhase section */

/* Begin PBXTargetDependency section */
		088D303125406D3E003EF5C2 /* PBXTargetDependency */ = {
			isa = PBXTargetDependency;
			target = 088D301525406D38003EF5C2 /* Task */;
			targetProxy = 088D303025406D3E003EF5C2 /* PBXContainerItemProxy */;
		};
		088D303C25406D3E003EF5C2 /* PBXTargetDependency */ = {
			isa = PBXTargetDependency;
			target = 088D301525406D38003EF5C2 /* Task */;
			targetProxy = 088D303B25406D3E003EF5C2 /* PBXContainerItemProxy */;
		};
/* End PBXTargetDependency section */

/* Begin PBXVariantGroup section */
		088D301F25406D38003EF5C2 /* Main.storyboard */ = {
			isa = PBXVariantGroup;
			children = (
				088D302025406D38003EF5C2 /* Base */,
			);
			name = Main.storyboard;
			sourceTree = "<group>";
		};
		088D302725406D3E003EF5C2 /* LaunchScreen.storyboard */ = {
			isa = PBXVariantGroup;
			children = (
				088D302825406D3E003EF5C2 /* Base */,
			);
			name = LaunchScreen.storyboard;
			sourceTree = "<group>";
		};
/* End PBXVariantGroup section */

/* Begin XCBuildConfiguration section */
		088D304125406D3E003EF5C2 /* Debug */ = {
			isa = XCBuildConfiguration;
			buildSettings = {
				ALWAYS_SEARCH_USER_PATHS = NO;
				CLANG_ANALYZER_NONNULL = YES;
				CLANG_ANALYZER_NUMBER_OBJECT_CONVERSION = YES_AGGRESSIVE;
				CLANG_CXX_LANGUAGE_STANDARD = "gnu++14";
				CLANG_CXX_LIBRARY = "libc++";
				CLANG_ENABLE_MODULES = YES;
				CLANG_ENABLE_OBJC_ARC = YES;
				CLANG_ENABLE_OBJC_WEAK = YES;
				CLANG_WARN_BLOCK_CAPTURE_AUTORELEASING = YES;
				CLANG_WARN_BOOL_CONVERSION = YES;
				CLANG_WARN_COMMA = YES;
				CLANG_WARN_CONSTANT_CONVERSION = YES;
				CLANG_WARN_DEPRECATED_OBJC_IMPLEMENTATIONS = YES;
				CLANG_WARN_DIRECT_OBJC_ISA_USAGE = YES_ERROR;
				CLANG_WARN_DOCUMENTATION_COMMENTS = YES;
				CLANG_WARN_EMPTY_BODY = YES;
				CLANG_WARN_ENUM_CONVERSION = YES;
				CLANG_WARN_INFINITE_RECURSION = YES;
				CLANG_WARN_INT_CONVERSION = YES;
				CLANG_WARN_NON_LITERAL_NULL_CONVERSION = YES;
				CLANG_WARN_OBJC_IMPLICIT_RETAIN_SELF = YES;
				CLANG_WARN_OBJC_LITERAL_CONVERSION = YES;
				CLANG_WARN_OBJC_ROOT_CLASS = YES_ERROR;
				CLANG_WARN_RANGE_LOOP_ANALYSIS = YES;
				CLANG_WARN_STRICT_PROTOTYPES = YES;
				CLANG_WARN_SUSPICIOUS_MOVE = YES;
				CLANG_WARN_UNGUARDED_AVAILABILITY = YES_AGGRESSIVE;
				CLANG_WARN_UNREACHABLE_CODE = YES;
				CLANG_WARN__DUPLICATE_METHOD_MATCH = YES;
				COPY_PHASE_STRIP = NO;
				DEBUG_INFORMATION_FORMAT = dwarf;
				ENABLE_STRICT_OBJC_MSGSEND = YES;
				ENABLE_TESTABILITY = YES;
				GCC_C_LANGUAGE_STANDARD = gnu11;
				GCC_DYNAMIC_NO_PIC = NO;
				GCC_NO_COMMON_BLOCKS = YES;
				GCC_OPTIMIZATION_LEVEL = 0;
				GCC_PREPROCESSOR_DEFINITIONS = (
					"DEBUG=1",
					"$(inherited)",
				);
				GCC_WARN_64_TO_32_BIT_CONVERSION = YES;
				GCC_WARN_ABOUT_RETURN_TYPE = YES_ERROR;
				GCC_WARN_UNDECLARED_SELECTOR = YES;
				GCC_WARN_UNINITIALIZED_AUTOS = YES_AGGRESSIVE;
				GCC_WARN_UNUSED_FUNCTION = YES;
				GCC_WARN_UNUSED_VARIABLE = YES;
				IPHONEOS_DEPLOYMENT_TARGET = 13.4;
				MTL_ENABLE_DEBUG_INFO = INCLUDE_SOURCE;
				MTL_FAST_MATH = YES;
				ONLY_ACTIVE_ARCH = YES;
				SDKROOT = iphoneos;
				SWIFT_ACTIVE_COMPILATION_CONDITIONS = DEBUG;
				SWIFT_OPTIMIZATION_LEVEL = "-Onone";
			};
			name = Debug;
		};
		088D304225406D3E003EF5C2 /* Release */ = {
			isa = XCBuildConfiguration;
			buildSettings = {
				ALWAYS_SEARCH_USER_PATHS = NO;
				CLANG_ANALYZER_NONNULL = YES;
				CLANG_ANALYZER_NUMBER_OBJECT_CONVERSION = YES_AGGRESSIVE;
				CLANG_CXX_LANGUAGE_STANDARD = "gnu++14";
				CLANG_CXX_LIBRARY = "libc++";
				CLANG_ENABLE_MODULES = YES;
				CLANG_ENABLE_OBJC_ARC = YES;
				CLANG_ENABLE_OBJC_WEAK = YES;
				CLANG_WARN_BLOCK_CAPTURE_AUTORELEASING = YES;
				CLANG_WARN_BOOL_CONVERSION = YES;
				CLANG_WARN_COMMA = YES;
				CLANG_WARN_CONSTANT_CONVERSION = YES;
				CLANG_WARN_DEPRECATED_OBJC_IMPLEMENTATIONS = YES;
				CLANG_WARN_DIRECT_OBJC_ISA_USAGE = YES_ERROR;
				CLANG_WARN_DOCUMENTATION_COMMENTS = YES;
				CLANG_WARN_EMPTY_BODY = YES;
				CLANG_WARN_ENUM_CONVERSION = YES;
				CLANG_WARN_INFINITE_RECURSION = YES;
				CLANG_WARN_INT_CONVERSION = YES;
				CLANG_WARN_NON_LITERAL_NULL_CONVERSION = YES;
				CLANG_WARN_OBJC_IMPLICIT_RETAIN_SELF = YES;
				CLANG_WARN_OBJC_LITERAL_CONVERSION = YES;
				CLANG_WARN_OBJC_ROOT_CLASS = YES_ERROR;
				CLANG_WARN_RANGE_LOOP_ANALYSIS = YES;
				CLANG_WARN_STRICT_PROTOTYPES = YES;
				CLANG_WARN_SUSPICIOUS_MOVE = YES;
				CLANG_WARN_UNGUARDED_AVAILABILITY = YES_AGGRESSIVE;
				CLANG_WARN_UNREACHABLE_CODE = YES;
				CLANG_WARN__DUPLICATE_METHOD_MATCH = YES;
				COPY_PHASE_STRIP = NO;
				DEBUG_INFORMATION_FORMAT = "dwarf-with-dsym";
				ENABLE_NS_ASSERTIONS = NO;
				ENABLE_STRICT_OBJC_MSGSEND = YES;
				GCC_C_LANGUAGE_STANDARD = gnu11;
				GCC_NO_COMMON_BLOCKS = YES;
				GCC_WARN_64_TO_32_BIT_CONVERSION = YES;
				GCC_WARN_ABOUT_RETURN_TYPE = YES_ERROR;
				GCC_WARN_UNDECLARED_SELECTOR = YES;
				GCC_WARN_UNINITIALIZED_AUTOS = YES_AGGRESSIVE;
				GCC_WARN_UNUSED_FUNCTION = YES;
				GCC_WARN_UNUSED_VARIABLE = YES;
				IPHONEOS_DEPLOYMENT_TARGET = 13.4;
				MTL_ENABLE_DEBUG_INFO = NO;
				MTL_FAST_MATH = YES;
				SDKROOT = iphoneos;
				SWIFT_COMPILATION_MODE = wholemodule;
				SWIFT_OPTIMIZATION_LEVEL = "-O";
				VALIDATE_PRODUCT = YES;
			};
			name = Release;
		};
		088D304425406D3E003EF5C2 /* Debug */ = {
			isa = XCBuildConfiguration;
			buildSettings = {
				ASSETCATALOG_COMPILER_APPICON_NAME = AppIcon;
				CODE_SIGN_STYLE = Automatic;
				DEVELOPMENT_TEAM = 5LW4W27F6C;
				INFOPLIST_FILE = Task/Info.plist;
				LD_RUNPATH_SEARCH_PATHS = (
					"$(inherited)",
					"@executable_path/Frameworks",
				);
				PRODUCT_BUNDLE_IDENTIFIER = Taxgenie.Task;
				PRODUCT_NAME = "$(TARGET_NAME)";
				SWIFT_VERSION = 5.0;
				TARGETED_DEVICE_FAMILY = "1,2";
			};
			name = Debug;
		};
		088D304525406D3E003EF5C2 /* Release */ = {
			isa = XCBuildConfiguration;
			buildSettings = {
				ASSETCATALOG_COMPILER_APPICON_NAME = AppIcon;
				CODE_SIGN_STYLE = Automatic;
				DEVELOPMENT_TEAM = 5LW4W27F6C;
				INFOPLIST_FILE = Task/Info.plist;
				LD_RUNPATH_SEARCH_PATHS = (
					"$(inherited)",
					"@executable_path/Frameworks",
				);
				PRODUCT_BUNDLE_IDENTIFIER = Taxgenie.Task;
				PRODUCT_NAME = "$(TARGET_NAME)";
				SWIFT_VERSION = 5.0;
				TARGETED_DEVICE_FAMILY = "1,2";
			};
			name = Release;
		};
		088D304725406D3E003EF5C2 /* Debug */ = {
			isa = XCBuildConfiguration;
			buildSettings = {
				ALWAYS_EMBED_SWIFT_STANDARD_LIBRARIES = YES;
				BUNDLE_LOADER = "$(TEST_HOST)";
				CODE_SIGN_STYLE = Automatic;
				DEVELOPMENT_TEAM = 5LW4W27F6C;
				INFOPLIST_FILE = TaskTests/Info.plist;
				IPHONEOS_DEPLOYMENT_TARGET = 13.4;
				LD_RUNPATH_SEARCH_PATHS = (
					"$(inherited)",
					"@executable_path/Frameworks",
					"@loader_path/Frameworks",
				);
				PRODUCT_BUNDLE_IDENTIFIER = Taxgenie.TaskTests;
				PRODUCT_NAME = "$(TARGET_NAME)";
				SWIFT_VERSION = 5.0;
				TARGETED_DEVICE_FAMILY = "1,2";
				TEST_HOST = "$(BUILT_PRODUCTS_DIR)/Task.app/Task";
			};
			name = Debug;
		};
		088D304825406D3E003EF5C2 /* Release */ = {
			isa = XCBuildConfiguration;
			buildSettings = {
				ALWAYS_EMBED_SWIFT_STANDARD_LIBRARIES = YES;
				BUNDLE_LOADER = "$(TEST_HOST)";
				CODE_SIGN_STYLE = Automatic;
				DEVELOPMENT_TEAM = 5LW4W27F6C;
				INFOPLIST_FILE = TaskTests/Info.plist;
				IPHONEOS_DEPLOYMENT_TARGET = 13.4;
				LD_RUNPATH_SEARCH_PATHS = (
					"$(inherited)",
					"@executable_path/Frameworks",
					"@loader_path/Frameworks",
				);
				PRODUCT_BUNDLE_IDENTIFIER = Taxgenie.TaskTests;
				PRODUCT_NAME = "$(TARGET_NAME)";
				SWIFT_VERSION = 5.0;
				TARGETED_DEVICE_FAMILY = "1,2";
				TEST_HOST = "$(BUILT_PRODUCTS_DIR)/Task.app/Task";
			};
			name = Release;
		};
		088D304A25406D3E003EF5C2 /* Debug */ = {
			isa = XCBuildConfiguration;
			buildSettings = {
				ALWAYS_EMBED_SWIFT_STANDARD_LIBRARIES = YES;
				CODE_SIGN_STYLE = Automatic;
				DEVELOPMENT_TEAM = 5LW4W27F6C;
				INFOPLIST_FILE = TaskUITests/Info.plist;
				LD_RUNPATH_SEARCH_PATHS = (
					"$(inherited)",
					"@executable_path/Frameworks",
					"@loader_path/Frameworks",
				);
				PRODUCT_BUNDLE_IDENTIFIER = Taxgenie.TaskUITests;
				PRODUCT_NAME = "$(TARGET_NAME)";
				SWIFT_VERSION = 5.0;
				TARGETED_DEVICE_FAMILY = "1,2";
				TEST_TARGET_NAME = Task;
			};
			name = Debug;
		};
		088D304B25406D3E003EF5C2 /* Release */ = {
			isa = XCBuildConfiguration;
			buildSettings = {
				ALWAYS_EMBED_SWIFT_STANDARD_LIBRARIES = YES;
				CODE_SIGN_STYLE = Automatic;
				DEVELOPMENT_TEAM = 5LW4W27F6C;
				INFOPLIST_FILE = TaskUITests/Info.plist;
				LD_RUNPATH_SEARCH_PATHS = (
					"$(inherited)",
					"@executable_path/Frameworks",
					"@loader_path/Frameworks",
				);
				PRODUCT_BUNDLE_IDENTIFIER = Taxgenie.TaskUITests;
				PRODUCT_NAME = "$(TARGET_NAME)";
				SWIFT_VERSION = 5.0;
				TARGETED_DEVICE_FAMILY = "1,2";
				TEST_TARGET_NAME = Task;
			};
			name = Release;
		};
/* End XCBuildConfiguration section */

/* Begin XCConfigurationList section */
		088D301125406D38003EF5C2 /* Build configuration list for PBXProject "Task" */ = {
			isa = XCConfigurationList;
			buildConfigurations = (
				088D304125406D3E003EF5C2 /* Debug */,
				088D304225406D3E003EF5C2 /* Release */,
			);
			defaultConfigurationIsVisible = 0;
			defaultConfigurationName = Release;
		};
		088D304325406D3E003EF5C2 /* Build configuration list for PBXNativeTarget "Task" */ = {
			isa = XCConfigurationList;
			buildConfigurations = (
				088D304425406D3E003EF5C2 /* Debug */,
				088D304525406D3E003EF5C2 /* Release */,
			);
			defaultConfigurationIsVisible = 0;
			defaultConfigurationName = Release;
		};
		088D304625406D3E003EF5C2 /* Build configuration list for PBXNativeTarget "TaskTests" */ = {
			isa = XCConfigurationList;
			buildConfigurations = (
				088D304725406D3E003EF5C2 /* Debug */,
				088D304825406D3E003EF5C2 /* Release */,
			);
			defaultConfigurationIsVisible = 0;
			defaultConfigurationName = Release;
		};
		088D304925406D3E003EF5C2 /* Build configuration list for PBXNativeTarget "TaskUITests" */ = {
			isa = XCConfigurationList;
			buildConfigurations = (
				088D304A25406D3E003EF5C2 /* Debug */,
				088D304B25406D3E003EF5C2 /* Release */,
			);
			defaultConfigurationIsVisible = 0;
			defaultConfigurationName = Release;
		};
/* End XCConfigurationList section */

/* Begin XCVersionGroup section */
		088D302225406D38003EF5C2 /* Task.xcdatamodeld */ = {
			isa = XCVersionGroup;
			children = (
				088D302325406D38003EF5C2 /* Task.xcdatamodel */,
			);
			currentVersion = 088D302325406D38003EF5C2 /* Task.xcdatamodel */;
			path = Task.xcdatamodeld;
			sourceTree = "<group>";
			versionGroupType = wrapper.xcdatamodel;
		};
/* End XCVersionGroup section */
	};
	rootObject = 088D300E25406D38003EF5C2 /* Project object */;
}
